// !$*UTF8*$!
{
	archiveVersion = 1;
	classes = {
	};
	objectVersion = 46;
	objects = {

/* Begin PBXBuildFile section */
		90E731DC867ADB581B5B69CF /* Pods_temp_joey.framework in Frameworks */ = {isa = PBXBuildFile; fileRef = D4099EFA40AC5B0DD12E708A /* Pods_temp_joey.framework */; };
		A8B3A9EF1F6993AC0000B7BF /* AppDelegate.swift in Sources */ = {isa = PBXBuildFile; fileRef = A8B3A9EE1F6993AC0000B7BF /* AppDelegate.swift */; };
		A8B3A9F11F6993AC0000B7BF /* ViewController.swift in Sources */ = {isa = PBXBuildFile; fileRef = A8B3A9F01F6993AC0000B7BF /* ViewController.swift */; };
		A8B3A9F41F6993AC0000B7BF /* Main.storyboard in Resources */ = {isa = PBXBuildFile; fileRef = A8B3A9F21F6993AC0000B7BF /* Main.storyboard */; };
		A8B3A9F61F6993AC0000B7BF /* Assets.xcassets in Resources */ = {isa = PBXBuildFile; fileRef = A8B3A9F51F6993AC0000B7BF /* Assets.xcassets */; };
		A8B3A9F91F6993AC0000B7BF /* LaunchScreen.storyboard in Resources */ = {isa = PBXBuildFile; fileRef = A8B3A9F71F6993AC0000B7BF /* LaunchScreen.storyboard */; };
/* End PBXBuildFile section */

/* Begin PBXFileReference section */
		156AEA607156BF30D2610C66 /* Pods-temp-joey.release.xcconfig */ = {isa = PBXFileReference; includeInIndex = 1; lastKnownFileType = text.xcconfig; name = "Pods-temp-joey.release.xcconfig"; path = "Pods/Target Support Files/Pods-temp-joey/Pods-temp-joey.release.xcconfig"; sourceTree = "<group>"; };
		43DB8407617E6E4B4D86A237 /* Pods-temp-joey.debug.xcconfig */ = {isa = PBXFileReference; includeInIndex = 1; lastKnownFileType = text.xcconfig; name = "Pods-temp-joey.debug.xcconfig"; path = "Pods/Target Support Files/Pods-temp-joey/Pods-temp-joey.debug.xcconfig"; sourceTree = "<group>"; };
		A8B3A9EB1F6993AC0000B7BF /* temp-joey.app */ = {isa = PBXFileReference; explicitFileType = wrapper.application; includeInIndex = 0; path = "temp-joey.app"; sourceTree = BUILT_PRODUCTS_DIR; };
		A8B3A9EE1F6993AC0000B7BF /* AppDelegate.swift */ = {isa = PBXFileReference; lastKnownFileType = sourcecode.swift; path = AppDelegate.swift; sourceTree = "<group>"; };
		A8B3A9F01F6993AC0000B7BF /* ViewController.swift */ = {isa = PBXFileReference; lastKnownFileType = sourcecode.swift; path = ViewController.swift; sourceTree = "<group>"; };
		A8B3A9F31F6993AC0000B7BF /* Base */ = {isa = PBXFileReference; lastKnownFileType = file.storyboard; name = Base; path = Base.lproj/Main.storyboard; sourceTree = "<group>"; };
		A8B3A9F51F6993AC0000B7BF /* Assets.xcassets */ = {isa = PBXFileReference; lastKnownFileType = folder.assetcatalog; path = Assets.xcassets; sourceTree = "<group>"; };
		A8B3A9F81F6993AC0000B7BF /* Base */ = {isa = PBXFileReference; lastKnownFileType = file.storyboard; name = Base; path = Base.lproj/LaunchScreen.storyboard; sourceTree = "<group>"; };
		A8B3A9FA1F6993AC0000B7BF /* Info.plist */ = {isa = PBXFileReference; lastKnownFileType = text.plist.xml; path = Info.plist; sourceTree = "<group>"; };
		D4099EFA40AC5B0DD12E708A /* Pods_temp_joey.framework */ = {isa = PBXFileReference; explicitFileType = wrapper.framework; includeInIndex = 0; path = Pods_temp_joey.framework; sourceTree = BUILT_PRODUCTS_DIR; };
/* End PBXFileReference section */

/* Begin PBXFrameworksBuildPhase section */
		A8B3A9E81F6993AC0000B7BF /* Frameworks */ = {
			isa = PBXFrameworksBuildPhase;
			buildActionMask = 2147483647;
			files = (
				90E731DC867ADB581B5B69CF /* Pods_temp_joey.framework in Frameworks */,
			);
			runOnlyForDeploymentPostprocessing = 0;
		};
/* End PBXFrameworksBuildPhase section */

/* Begin PBXGroup section */
		8FB49E035AED0288DA8F61E3 /* Pods */ = {
			isa = PBXGroup;
			children = (
				43DB8407617E6E4B4D86A237 /* Pods-temp-joey.debug.xcconfig */,
				156AEA607156BF30D2610C66 /* Pods-temp-joey.release.xcconfig */,
			);
			name = Pods;
			sourceTree = "<group>";
		};
		A8B3A9E21F6993AC0000B7BF = {
			isa = PBXGroup;
			children = (
				A8B3A9ED1F6993AC0000B7BF /* temp-joey */,
				A8B3A9EC1F6993AC0000B7BF /* Products */,
				8FB49E035AED0288DA8F61E3 /* Pods */,
				D3BE0A0DA9F88AC2B077AE40 /* Frameworks */,
			);
			sourceTree = "<group>";
		};
		A8B3A9EC1F6993AC0000B7BF /* Products */ = {
			isa = PBXGroup;
			children = (
				A8B3A9EB1F6993AC0000B7BF /* temp-joey.app */,
			);
			name = Products;
			sourceTree = "<group>";
		};
		A8B3A9ED1F6993AC0000B7BF /* temp-joey */ = {
			isa = PBXGroup;
			children = (
				A8B3A9EE1F6993AC0000B7BF /* AppDelegate.swift */,
				A8B3A9F01F6993AC0000B7BF /* ViewController.swift */,
				A8B3A9F21F6993AC0000B7BF /* Main.storyboard */,
				A8B3A9F51F6993AC0000B7BF /* Assets.xcassets */,
				A8B3A9F71F6993AC0000B7BF /* LaunchScreen.storyboard */,
				A8B3A9FA1F6993AC0000B7BF /* Info.plist */,
			);
			path = "temp-joey";
			sourceTree = "<group>";
		};
		D3BE0A0DA9F88AC2B077AE40 /* Frameworks */ = {
			isa = PBXGroup;
			children = (
				D4099EFA40AC5B0DD12E708A /* Pods_temp_joey.framework */,
			);
			name = Frameworks;
			sourceTree = "<group>";
		};
/* End PBXGroup section */

/* Begin PBXNativeTarget section */
		A8B3A9EA1F6993AC0000B7BF /* temp-joey */ = {
			isa = PBXNativeTarget;
			buildConfigurationList = A8B3A9FD1F6993AC0000B7BF /* Build configuration list for PBXNativeTarget "temp-joey" */;
			buildPhases = (
				4F0852FDB4DCB7D21DC9235E /* [CP] Check Pods Manifest.lock */,
				A8B3A9E71F6993AC0000B7BF /* Sources */,
				A8B3A9E81F6993AC0000B7BF /* Frameworks */,
				A8B3A9E91F6993AC0000B7BF /* Resources */,
				6873A9DB41B2AE34FA3A88BC /* [CP] Embed Pods Frameworks */,
				57DA33589B4399CB04C23E97 /* [CP] Copy Pods Resources */,
			);
			buildRules = (
			);
			dependencies = (
			);
			name = "temp-joey";
			productName = "temp-joey";
			productReference = A8B3A9EB1F6993AC0000B7BF /* temp-joey.app */;
			productType = "com.apple.product-type.application";
		};
/* End PBXNativeTarget section */

/* Begin PBXProject section */
		A8B3A9E31F6993AC0000B7BF /* Project object */ = {
			isa = PBXProject;
			attributes = {
				LastSwiftUpdateCheck = 0830;
				LastUpgradeCheck = 0830;
				ORGANIZATIONNAME = "Narat Suchartsunthorn";
				TargetAttributes = {
					A8B3A9EA1F6993AC0000B7BF = {
						CreatedOnToolsVersion = 8.3.3;
						ProvisioningStyle = Automatic;
					};
				};
			};
			buildConfigurationList = A8B3A9E61F6993AC0000B7BF /* Build configuration list for PBXProject "temp-joey" */;
			compatibilityVersion = "Xcode 3.2";
			developmentRegion = English;
			hasScannedForEncodings = 0;
			knownRegions = (
				en,
				Base,
			);
			mainGroup = A8B3A9E21F6993AC0000B7BF;
			productRefGroup = A8B3A9EC1F6993AC0000B7BF /* Products */;
			projectDirPath = "";
			projectRoot = "";
			targets = (
				A8B3A9EA1F6993AC0000B7BF /* temp-joey */,
			);
		};
/* End PBXProject section */

/* Begin PBXResourcesBuildPhase section */
		A8B3A9E91F6993AC0000B7BF /* Resources */ = {
			isa = PBXResourcesBuildPhase;
			buildActionMask = 2147483647;
			files = (
				A8B3A9F91F6993AC0000B7BF /* LaunchScreen.storyboard in Resources */,
				A8B3A9F61F6993AC0000B7BF /* Assets.xcassets in Resources */,
				A8B3A9F41F6993AC0000B7BF /* Main.storyboard in Resources */,
			);
			runOnlyForDeploymentPostprocessing = 0;
		};
/* End PBXResourcesBuildPhase section */

/* Begin PBXShellScriptBuildPhase section */
		4F0852FDB4DCB7D21DC9235E /* [CP] Check Pods Manifest.lock */ = {
			isa = PBXShellScriptBuildPhase;
			buildActionMask = 2147483647;
			files = (
			);
			inputPaths = (
				"${PODS_PODFILE_DIR_PATH}/Podfile.lock",
				"${PODS_ROOT}/Manifest.lock",
			);
			name = "[CP] Check Pods Manifest.lock";
			outputPaths = (
				"$(DERIVED_FILE_DIR)/Pods-temp-joey-checkManifestLockResult.txt",
			);
			runOnlyForDeploymentPostprocessing = 0;
			shellPath = /bin/sh;
			shellScript = "diff \"${PODS_PODFILE_DIR_PATH}/Podfile.lock\" \"${PODS_ROOT}/Manifest.lock\" > /dev/null\nif [ $? != 0 ] ; then\n    # print error to STDERR\n    echo \"error: The sandbox is not in sync with the Podfile.lock. Run 'pod install' or update your CocoaPods installation.\" >&2\n    exit 1\nfi\n# This output is used by Xcode 'outputs' to avoid re-running this script phase.\necho \"SUCCESS\" > \"${SCRIPT_OUTPUT_FILE_0}\"\n";
			showEnvVarsInLog = 0;
		};
		57DA33589B4399CB04C23E97 /* [CP] Copy Pods Resources */ = {
			isa = PBXShellScriptBuildPhase;
			buildActionMask = 2147483647;
			files = (
			);
			inputPaths = (
			);
			name = "[CP] Copy Pods Resources";
			outputPaths = (
			);
			runOnlyForDeploymentPostprocessing = 0;
			shellPath = /bin/sh;
			shellScript = "\"${SRCROOT}/Pods/Target Support Files/Pods-temp-joey/Pods-temp-joey-resources.sh\"\n";
			showEnvVarsInLog = 0;
		};
		6873A9DB41B2AE34FA3A88BC /* [CP] Embed Pods Frameworks */ = {
			isa = PBXShellScriptBuildPhase;
			buildActionMask = 2147483647;
			files = (
			);
			inputPaths = (
				"${SRCROOT}/Pods/Target Support Files/Pods-temp-joey/Pods-temp-joey-frameworks.sh",
				"${BUILT_PRODUCTS_DIR}/Alamofire/Alamofire.framework",
				"${BUILT_PRODUCTS_DIR}/AlamofireImage/AlamofireImage.framework",
			);
			name = "[CP] Embed Pods Frameworks";
			outputPaths = (
				"${TARGET_BUILD_DIR}/${FRAMEWORKS_FOLDER_PATH}/Alamofire.framework",
				"${TARGET_BUILD_DIR}/${FRAMEWORKS_FOLDER_PATH}/AlamofireImage.framework",
			);
			runOnlyForDeploymentPostprocessing = 0;
			shellPath = /bin/sh;
			shellScript = "\"${SRCROOT}/Pods/Target Support Files/Pods-temp-joey/Pods-temp-joey-frameworks.sh\"\n";
			showEnvVarsInLog = 0;
		};
/* End PBXShellScriptBuildPhase section */

/* Begin PBXSourcesBuildPhase section */
		A8B3A9E71F6993AC0000B7BF /* Sources */ = {
			isa = PBXSourcesBuildPhase;
			buildActionMask = 2147483647;
			files = (
				A8B3A9F11F6993AC0000B7BF /* ViewController.swift in Sources */,
				A8B3A9EF1F6993AC0000B7BF /* AppDelegate.swift in Sources */,
			);
			runOnlyForDeploymentPostprocessing = 0;
		};
/* End PBXSourcesBuildPhase section */

/* Begin PBXVariantGroup section */
		A8B3A9F21F6993AC0000B7BF /* Main.storyboard */ = {
			isa = PBXVariantGroup;
			children = (
				A8B3A9F31F6993AC0000B7BF /* Base */,
			);
			name = Main.storyboard;
			sourceTree = "<group>";
		};
		A8B3A9F71F6993AC0000B7BF /* LaunchScreen.storyboard */ = {
			isa = PBXVariantGroup;
			children = (
				A8B3A9F81F6993AC0000B7BF /* Base */,
			);
			name = LaunchScreen.storyboard;
			sourceTree = "<group>";
		};
/* End PBXVariantGroup section */

/* Begin XCBuildConfiguration section */
		A8B3A9FB1F6993AC0000B7BF /* Debug */ = {
			isa = XCBuildConfiguration;
			buildSettings = {
				ALWAYS_SEARCH_USER_PATHS = NO;
				CLANG_ANALYZER_NONNULL = YES;
				CLANG_ANALYZER_NUMBER_OBJECT_CONVERSION = YES_AGGRESSIVE;
				CLANG_CXX_LANGUAGE_STANDARD = "gnu++0x";
				CLANG_CXX_LIBRARY = "libc++";
				CLANG_ENABLE_MODULES = YES;
				CLANG_ENABLE_OBJC_ARC = YES;
				CLANG_WARN_BOOL_CONVERSION = YES;
				CLANG_WARN_CONSTANT_CONVERSION = YES;
				CLANG_WARN_DIRECT_OBJC_ISA_USAGE = YES_ERROR;
				CLANG_WARN_DOCUMENTATION_COMMENTS = YES;
				CLANG_WARN_EMPTY_BODY = YES;
				CLANG_WARN_ENUM_CONVERSION = YES;
				CLANG_WARN_INFINITE_RECURSION = YES;
				CLANG_WARN_INT_CONVERSION = YES;
				CLANG_WARN_OBJC_ROOT_CLASS = YES_ERROR;
				CLANG_WARN_SUSPICIOUS_MOVE = YES;
				CLANG_WARN_UNREACHABLE_CODE = YES;
				CLANG_WARN__DUPLICATE_METHOD_MATCH = YES;
				"CODE_SIGN_IDENTITY[sdk=iphoneos*]" = "iPhone Developer";
				COPY_PHASE_STRIP = NO;
				DEBUG_INFORMATION_FORMAT = dwarf;
				ENABLE_STRICT_OBJC_MSGSEND = YES;
				ENABLE_TESTABILITY = YES;
				GCC_C_LANGUAGE_STANDARD = gnu99;
				GCC_DYNAMIC_NO_PIC = NO;
				GCC_NO_COMMON_BLOCKS = YES;
				GCC_OPTIMIZATION_LEVEL = 0;
				GCC_PREPROCESSOR_DEFINITIONS = (
					"DEBUG=1",
					"$(inherited)",
				);
				GCC_WARN_64_TO_32_BIT_CONVERSION = YES;
				GCC_WARN_ABOUT_RETURN_TYPE = YES_ERROR;
				GCC_WARN_UNDECLARED_SELECTOR = YES;
				GCC_WARN_UNINITIALIZED_AUTOS = YES_AGGRESSIVE;
				GCC_WARN_UNUSED_FUNCTION = YES;
				GCC_WARN_UNUSED_VARIABLE = YES;
				IPHONEOS_DEPLOYMENT_TARGET = 10.3;
				MTL_ENABLE_DEBUG_INFO = YES;
				ONLY_ACTIVE_ARCH = YES;
				SDKROOT = iphoneos;
				SWIFT_ACTIVE_COMPILATION_CONDITIONS = DEBUG;
				SWIFT_OPTIMIZATION_LEVEL = "-Onone";
				TARGETED_DEVICE_FAMILY = "1,2";
			};
			name = Debug;
		};
		A8B3A9FC1F6993AC0000B7BF /* Release */ = {
			isa = XCBuildConfiguration;
			buildSettings = {
				ALWAYS_SEARCH_USER_PATHS = NO;
				CLANG_ANALYZER_NONNULL = YES;
				CLANG_ANALYZER_NUMBER_OBJECT_CONVERSION = YES_AGGRESSIVE;
				CLANG_CXX_LANGUAGE_STANDARD = "gnu++0x";
				CLANG_CXX_LIBRARY = "libc++";
				CLANG_ENABLE_MODULES = YES;
				CLANG_ENABLE_OBJC_ARC = YES;
				CLANG_WARN_BOOL_CONVERSION = YES;
				CLANG_WARN_CONSTANT_CONVERSION = YES;
				CLANG_WARN_DIRECT_OBJC_ISA_USAGE = YES_ERROR;
				CLANG_WARN_DOCUMENTATION_COMMENTS = YES;
				CLANG_WARN_EMPTY_BODY = YES;
				CLANG_WARN_ENUM_CONVERSION = YES;
				CLANG_WARN_INFINITE_RECURSION = YES;
				CLANG_WARN_INT_CONVERSION = YES;
				CLANG_WARN_OBJC_ROOT_CLASS = YES_ERROR;
				CLANG_WARN_SUSPICIOUS_MOVE = YES;
				CLANG_WARN_UNREACHABLE_CODE = YES;
				CLANG_WARN__DUPLICATE_METHOD_MATCH = YES;
				"CODE_SIGN_IDENTITY[sdk=iphoneos*]" = "iPhone Developer";
				COPY_PHASE_STRIP = NO;
				DEBUG_INFORMATION_FORMAT = "dwarf-with-dsym";
				ENABLE_NS_ASSERTIONS = NO;
				ENABLE_STRICT_OBJC_MSGSEND = YES;
				GCC_C_LANGUAGE_STANDARD = gnu99;
				GCC_NO_COMMON_BLOCKS = YES;
				GCC_WARN_64_TO_32_BIT_CONVERSION = YES;
				GCC_WARN_ABOUT_RETURN_TYPE = YES_ERROR;
				GCC_WARN_UNDECLARED_SELECTOR = YES;
				GCC_WARN_UNINITIALIZED_AUTOS = YES_AGGRESSIVE;
				GCC_WARN_UNUSED_FUNCTION = YES;
				GCC_WARN_UNUSED_VARIABLE = YES;
				IPHONEOS_DEPLOYMENT_TARGET = 10.3;
				MTL_ENABLE_DEBUG_INFO = NO;
				SDKROOT = iphoneos;
				SWIFT_OPTIMIZATION_LEVEL = "-Owholemodule";
				TARGETED_DEVICE_FAMILY = "1,2";
				VALIDATE_PRODUCT = YES;
			};
			name = Release;
		};
		A8B3A9FE1F6993AC0000B7BF /* Debug */ = {
			isa = XCBuildConfiguration;
			baseConfigurationReference = 43DB8407617E6E4B4D86A237 /* Pods-temp-joey.debug.xcconfig */;
			buildSettings = {
				ASSETCATALOG_COMPILER_APPICON_NAME = AppIcon;
				INFOPLIST_FILE = "temp-joey/Info.plist";
				LD_RUNPATH_SEARCH_PATHS = "$(inherited) @executable_path/Frameworks";
				PRODUCT_BUNDLE_IDENTIFIER = "net.mixth.temp-joey";
				PRODUCT_NAME = "$(TARGET_NAME)";
				SWIFT_VERSION = 3.0;
			};
			name = Debug;
		};
		A8B3A9FF1F6993AC0000B7BF /* Release */ = {
			isa = XCBuildConfiguration;
			baseConfigurationReference = 156AEA607156BF30D2610C66 /* Pods-temp-joey.release.xcconfig */;
			buildSettings = {
				ASSETCATALOG_COMPILER_APPICON_NAME = AppIcon;
				INFOPLIST_FILE = "temp-joey/Info.plist";
				LD_RUNPATH_SEARCH_PATHS = "$(inherited) @executable_path/Frameworks";
				PRODUCT_BUNDLE_IDENTIFIER = "net.mixth.temp-joey";
				PRODUCT_NAME = "$(TARGET_NAME)";
				SWIFT_VERSION = 3.0;
			};
			name = Release;
		};
/* End XCBuildConfiguration section */

/* Begin XCConfigurationList section */
		A8B3A9E61F6993AC0000B7BF /* Build configuration list for PBXProject "temp-joey" */ = {
			isa = XCConfigurationList;
			buildConfigurations = (
				A8B3A9FB1F6993AC0000B7BF /* Debug */,
				A8B3A9FC1F6993AC0000B7BF /* Release */,
			);
			defaultConfigurationIsVisible = 0;
			defaultConfigurationName = Release;
		};
		A8B3A9FD1F6993AC0000B7BF /* Build configuration list for PBXNativeTarget "temp-joey" */ = {
			isa = XCConfigurationList;
			buildConfigurations = (
				A8B3A9FE1F6993AC0000B7BF /* Debug */,
				A8B3A9FF1F6993AC0000B7BF /* Release */,
			);
			defaultConfigurationIsVisible = 0;
		};
/* End XCConfigurationList section */
	};
	rootObject = A8B3A9E31F6993AC0000B7BF /* Project object */;
}
